// !$*UTF8*$!
{
	archiveVersion = 1;
	classes = {
	};
	objectVersion = 46;
	objects = {

/* Begin PBXBuildFile section */
		3119D29C198D61550054E85E /* AppDelegate.swift in Sources */ = {isa = PBXBuildFile; fileRef = 3119D29B198D61550054E85E /* AppDelegate.swift */; };
		3119D29F198D61550054E85E /* SwiftRSS.xcdatamodeld in Sources */ = {isa = PBXBuildFile; fileRef = 3119D29D198D61550054E85E /* SwiftRSS.xcdatamodeld */; };
		3119D2A4198D61550054E85E /* Main.storyboard in Resources */ = {isa = PBXBuildFile; fileRef = 3119D2A2198D61550054E85E /* Main.storyboard */; };
		3119D2A6198D61550054E85E /* Images.xcassets in Resources */ = {isa = PBXBuildFile; fileRef = 3119D2A5198D61550054E85E /* Images.xcassets */; };
		3119D2B2198D61550054E85E /* SwiftRSSTests.swift in Sources */ = {isa = PBXBuildFile; fileRef = 3119D2B1198D61550054E85E /* SwiftRSSTests.swift */; };
		3172599319907B3500DA07F5 /* RSSTableViewController.swift in Sources */ = {isa = PBXBuildFile; fileRef = 3172599219907B3500DA07F5 /* RSSTableViewController.swift */; };
		C534219619C3795200C94AAD /* WebViewViewController.swift in Sources */ = {isa = PBXBuildFile; fileRef = C534219519C3795200C94AAD /* WebViewViewController.swift */; };
/* End PBXBuildFile section */

/* Begin PBXContainerItemProxy section */
		3119D2AC198D61550054E85E /* PBXContainerItemProxy */ = {
			isa = PBXContainerItemProxy;
			containerPortal = 3119D28E198D61550054E85E /* Project object */;
			proxyType = 1;
			remoteGlobalIDString = 3119D295198D61550054E85E;
			remoteInfo = SwiftRSS;
		};
/* End PBXContainerItemProxy section */

/* Begin PBXFileReference section */
		3119D296198D61550054E85E /* SwiftRSS.app */ = {isa = PBXFileReference; explicitFileType = wrapper.application; includeInIndex = 0; path = SwiftRSS.app; sourceTree = BUILT_PRODUCTS_DIR; };
		3119D29A198D61550054E85E /* Info.plist */ = {isa = PBXFileReference; lastKnownFileType = text.plist.xml; path = Info.plist; sourceTree = "<group>"; };
		3119D29B198D61550054E85E /* AppDelegate.swift */ = {isa = PBXFileReference; lastKnownFileType = sourcecode.swift; path = AppDelegate.swift; sourceTree = "<group>"; };
		3119D29E198D61550054E85E /* SwiftRSS.xcdatamodel */ = {isa = PBXFileReference; lastKnownFileType = wrapper.xcdatamodel; path = SwiftRSS.xcdatamodel; sourceTree = "<group>"; };
		3119D2A3198D61550054E85E /* Base */ = {isa = PBXFileReference; lastKnownFileType = file.storyboard; name = Base; path = Base.lproj/Main.storyboard; sourceTree = "<group>"; };
		3119D2A5198D61550054E85E /* Images.xcassets */ = {isa = PBXFileReference; lastKnownFileType = folder.assetcatalog; path = Images.xcassets; sourceTree = "<group>"; };
		3119D2AB198D61550054E85E /* SwiftRSSTests.xctest */ = {isa = PBXFileReference; explicitFileType = wrapper.cfbundle; includeInIndex = 0; path = SwiftRSSTests.xctest; sourceTree = BUILT_PRODUCTS_DIR; };
		3119D2B0198D61550054E85E /* Info.plist */ = {isa = PBXFileReference; lastKnownFileType = text.plist.xml; path = Info.plist; sourceTree = "<group>"; };
		3119D2B1198D61550054E85E /* SwiftRSSTests.swift */ = {isa = PBXFileReference; lastKnownFileType = sourcecode.swift; path = SwiftRSSTests.swift; sourceTree = "<group>"; };
		3172599219907B3500DA07F5 /* RSSTableViewController.swift */ = {isa = PBXFileReference; fileEncoding = 4; lastKnownFileType = sourcecode.swift; path = RSSTableViewController.swift; sourceTree = "<group>"; };
		C534219519C3795200C94AAD /* WebViewViewController.swift */ = {isa = PBXFileReference; fileEncoding = 4; lastKnownFileType = sourcecode.swift; path = WebViewViewController.swift; sourceTree = "<group>"; };
/* End PBXFileReference section */

/* Begin PBXFrameworksBuildPhase section */
		3119D293198D61550054E85E /* Frameworks */ = {
			isa = PBXFrameworksBuildPhase;
			buildActionMask = 2147483647;
			files = (
			);
			runOnlyForDeploymentPostprocessing = 0;
		};
		3119D2A8198D61550054E85E /* Frameworks */ = {
			isa = PBXFrameworksBuildPhase;
			buildActionMask = 2147483647;
			files = (
			);
			runOnlyForDeploymentPostprocessing = 0;
		};
/* End PBXFrameworksBuildPhase section */

/* Begin PBXGroup section */
		3119D28D198D61550054E85E = {
			isa = PBXGroup;
			children = (
				3119D298198D61550054E85E /* SwiftRSS */,
				3119D2AE198D61550054E85E /* SwiftRSSTests */,
				3119D297198D61550054E85E /* Products */,
			);
			sourceTree = "<group>";
		};
		3119D297198D61550054E85E /* Products */ = {
			isa = PBXGroup;
			children = (
				3119D296198D61550054E85E /* SwiftRSS.app */,
				3119D2AB198D61550054E85E /* SwiftRSSTests.xctest */,
			);
			name = Products;
			sourceTree = "<group>";
		};
		3119D298198D61550054E85E /* SwiftRSS */ = {
			isa = PBXGroup;
			children = (
				3119D29B198D61550054E85E /* AppDelegate.swift */,
				3119D2A2198D61550054E85E /* Main.storyboard */,
				3172599219907B3500DA07F5 /* RSSTableViewController.swift */,
				3119D2A5198D61550054E85E /* Images.xcassets */,
				3119D29D198D61550054E85E /* SwiftRSS.xcdatamodeld */,
				3119D299198D61550054E85E /* Supporting Files */,
				C534219519C3795200C94AAD /* WebViewViewController.swift */,
			);
			path = SwiftRSS;
			sourceTree = "<group>";
		};
		3119D299198D61550054E85E /* Supporting Files */ = {
			isa = PBXGroup;
			children = (
				3119D29A198D61550054E85E /* Info.plist */,
			);
			name = "Supporting Files";
			sourceTree = "<group>";
		};
		3119D2AE198D61550054E85E /* SwiftRSSTests */ = {
			isa = PBXGroup;
			children = (
				3119D2B1198D61550054E85E /* SwiftRSSTests.swift */,
				3119D2AF198D61550054E85E /* Supporting Files */,
			);
			path = SwiftRSSTests;
			sourceTree = "<group>";
		};
		3119D2AF198D61550054E85E /* Supporting Files */ = {
			isa = PBXGroup;
			children = (
				3119D2B0198D61550054E85E /* Info.plist */,
			);
			name = "Supporting Files";
			sourceTree = "<group>";
		};
/* End PBXGroup section */

/* Begin PBXNativeTarget section */
		3119D295198D61550054E85E /* SwiftRSS */ = {
			isa = PBXNativeTarget;
			buildConfigurationList = 3119D2B5198D61550054E85E /* Build configuration list for PBXNativeTarget "SwiftRSS" */;
			buildPhases = (
				3119D292198D61550054E85E /* Sources */,
				3119D293198D61550054E85E /* Frameworks */,
				3119D294198D61550054E85E /* Resources */,
			);
			buildRules = (
			);
			dependencies = (
			);
			name = SwiftRSS;
			productName = SwiftRSS;
			productReference = 3119D296198D61550054E85E /* SwiftRSS.app */;
			productType = "com.apple.product-type.application";
		};
		3119D2AA198D61550054E85E /* SwiftRSSTests */ = {
			isa = PBXNativeTarget;
			buildConfigurationList = 3119D2B8198D61550054E85E /* Build configuration list for PBXNativeTarget "SwiftRSSTests" */;
			buildPhases = (
				3119D2A7198D61550054E85E /* Sources */,
				3119D2A8198D61550054E85E /* Frameworks */,
				3119D2A9198D61550054E85E /* Resources */,
			);
			buildRules = (
			);
			dependencies = (
				3119D2AD198D61550054E85E /* PBXTargetDependency */,
			);
			name = SwiftRSSTests;
			productName = SwiftRSSTests;
			productReference = 3119D2AB198D61550054E85E /* SwiftRSSTests.xctest */;
			productType = "com.apple.product-type.bundle.unit-test";
		};
/* End PBXNativeTarget section */

/* Begin PBXProject section */
		3119D28E198D61550054E85E /* Project object */ = {
			isa = PBXProject;
			attributes = {
				LastUpgradeCheck = 0600;
				ORGANIZATIONNAME = "albert mckeever";
				TargetAttributes = {
					3119D295198D61550054E85E = {
						CreatedOnToolsVersion = 6.0;
						DevelopmentTeam = SQPDHEKR7B;
					};
					3119D2AA198D61550054E85E = {
						CreatedOnToolsVersion = 6.0;
						TestTargetID = 3119D295198D61550054E85E;
					};
				};
			};
			buildConfigurationList = 3119D291198D61550054E85E /* Build configuration list for PBXProject "SwiftRSS" */;
			compatibilityVersion = "Xcode 3.2";
			developmentRegion = English;
			hasScannedForEncodings = 0;
			knownRegions = (
				en,
				Base,
			);
			mainGroup = 3119D28D198D61550054E85E;
			productRefGroup = 3119D297198D61550054E85E /* Products */;
			projectDirPath = "";
			projectRoot = "";
			targets = (
				3119D295198D61550054E85E /* SwiftRSS */,
				3119D2AA198D61550054E85E /* SwiftRSSTests */,
			);
		};
/* End PBXProject section */

/* Begin PBXResourcesBuildPhase section */
		3119D294198D61550054E85E /* Resources */ = {
			isa = PBXResourcesBuildPhase;
			buildActionMask = 2147483647;
			files = (
				3119D2A4198D61550054E85E /* Main.storyboard in Resources */,
				3119D2A6198D61550054E85E /* Images.xcassets in Resources */,
			);
			runOnlyForDeploymentPostprocessing = 0;
		};
		3119D2A9198D61550054E85E /* Resources */ = {
			isa = PBXResourcesBuildPhase;
			buildActionMask = 2147483647;
			files = (
			);
			runOnlyForDeploymentPostprocessing = 0;
		};
/* End PBXResourcesBuildPhase section */

/* Begin PBXSourcesBuildPhase section */
		3119D292198D61550054E85E /* Sources */ = {
			isa = PBXSourcesBuildPhase;
			buildActionMask = 2147483647;
			files = (
				3119D29F198D61550054E85E /* SwiftRSS.xcdatamodeld in Sources */,
				3119D29C198D61550054E85E /* AppDelegate.swift in Sources */,
				C534219619C3795200C94AAD /* WebViewViewController.swift in Sources */,
				3172599319907B3500DA07F5 /* RSSTableViewController.swift in Sources */,
			);
			runOnlyForDeploymentPostprocessing = 0;
		};
		3119D2A7198D61550054E85E /* Sources */ = {
			isa = PBXSourcesBuildPhase;
			buildActionMask = 2147483647;
			files = (
				3119D2B2198D61550054E85E /* SwiftRSSTests.swift in Sources */,
			);
			runOnlyForDeploymentPostprocessing = 0;
		};
/* End PBXSourcesBuildPhase section */

/* Begin PBXTargetDependency section */
		3119D2AD198D61550054E85E /* PBXTargetDependency */ = {
			isa = PBXTargetDependency;
			target = 3119D295198D61550054E85E /* SwiftRSS */;
			targetProxy = 3119D2AC198D61550054E85E /* PBXContainerItemProxy */;
		};
/* End PBXTargetDependency section */

/* Begin PBXVariantGroup section */
		3119D2A2198D61550054E85E /* Main.storyboard */ = {
			isa = PBXVariantGroup;
			children = (
				3119D2A3198D61550054E85E /* Base */,
			);
			name = Main.storyboard;
			sourceTree = "<group>";
		};
/* End PBXVariantGroup section */

/* Begin XCBuildConfiguration section */
		3119D2B3198D61550054E85E /* Debug */ = {
			isa = XCBuildConfiguration;
			buildSettings = {
				ALWAYS_SEARCH_USER_PATHS = NO;
				CLANG_CXX_LANGUAGE_STANDARD = "gnu++0x";
				CLANG_CXX_LIBRARY = "libc++";
				CLANG_ENABLE_MODULES = YES;
				CLANG_ENABLE_OBJC_ARC = YES;
				CLANG_WARN_BOOL_CONVERSION = YES;
				CLANG_WARN_CONSTANT_CONVERSION = YES;
				CLANG_WARN_DIRECT_OBJC_ISA_USAGE = YES_ERROR;
				CLANG_WARN_EMPTY_BODY = YES;
				CLANG_WARN_ENUM_CONVERSION = YES;
				CLANG_WARN_INT_CONVERSION = YES;
				CLANG_WARN_OBJC_ROOT_CLASS = YES_ERROR;
				CLANG_WARN_UNREACHABLE_CODE = YES;
				CLANG_WARN__DUPLICATE_METHOD_MATCH = YES;
				"CODE_SIGN_IDENTITY[sdk=iphoneos*]" = "iPhone Developer";
				COPY_PHASE_STRIP = NO;
				ENABLE_STRICT_OBJC_MSGSEND = YES;
				GCC_C_LANGUAGE_STANDARD = gnu99;
				GCC_DYNAMIC_NO_PIC = NO;
				GCC_OPTIMIZATION_LEVEL = 0;
				GCC_PREPROCESSOR_DEFINITIONS = (
					"DEBUG=1",
					"$(inherited)",
				);
				GCC_SYMBOLS_PRIVATE_EXTERN = NO;
				GCC_WARN_64_TO_32_BIT_CONVERSION = YES;
				GCC_WARN_ABOUT_RETURN_TYPE = YES_ERROR;
				GCC_WARN_UNDECLARED_SELECTOR = YES;
				GCC_WARN_UNINITIALIZED_AUTOS = YES_AGGRESSIVE;
				GCC_WARN_UNUSED_FUNCTION = YES;
				GCC_WARN_UNUSED_VARIABLE = YES;
				IPHONEOS_DEPLOYMENT_TARGET = 8.0;
				MTL_ENABLE_DEBUG_INFO = YES;
				ONLY_ACTIVE_ARCH = YES;
				SDKROOT = iphoneos;
				SWIFT_OPTIMIZATION_LEVEL = "-Onone";
			};
			name = Debug;
		};
		3119D2B4198D61550054E85E /* Release */ = {
			isa = XCBuildConfiguration;
			buildSettings = {
				ALWAYS_SEARCH_USER_PATHS = NO;
				CLANG_CXX_LANGUAGE_STANDARD = "gnu++0x";
				CLANG_CXX_LIBRARY = "libc++";
				CLANG_ENABLE_MODULES = YES;
				CLANG_ENABLE_OBJC_ARC = YES;
				CLANG_WARN_BOOL_CONVERSION = YES;
				CLANG_WARN_CONSTANT_CONVERSION = YES;
				CLANG_WARN_DIRECT_OBJC_ISA_USAGE = YES_ERROR;
				CLANG_WARN_EMPTY_BODY = YES;
				CLANG_WARN_ENUM_CONVERSION = YES;
				CLANG_WARN_INT_CONVERSION = YES;
				CLANG_WARN_OBJC_ROOT_CLASS = YES_ERROR;
				CLANG_WARN_UNREACHABLE_CODE = YES;
				CLANG_WARN__DUPLICATE_METHOD_MATCH = YES;
				"CODE_SIGN_IDENTITY[sdk=iphoneos*]" = "iPhone Developer";
				COPY_PHASE_STRIP = YES;
				ENABLE_NS_ASSERTIONS = NO;
				ENABLE_STRICT_OBJC_MSGSEND = YES;
				GCC_C_LANGUAGE_STANDARD = gnu99;
				GCC_WARN_64_TO_32_BIT_CONVERSION = YES;
				GCC_WARN_ABOUT_RETURN_TYPE = YES_ERROR;
				GCC_WARN_UNDECLARED_SELECTOR = YES;
				GCC_WARN_UNINITIALIZED_AUTOS = YES_AGGRESSIVE;
				GCC_WARN_UNUSED_FUNCTION = YES;
				GCC_WARN_UNUSED_VARIABLE = YES;
				IPHONEOS_DEPLOYMENT_TARGET = 8.0;
				MTL_ENABLE_DEBUG_INFO = NO;
				SDKROOT = iphoneos;
				VALIDATE_PRODUCT = YES;
			};
			name = Release;
		};
		3119D2B6198D61550054E85E /* Debug */ = {
			isa = XCBuildConfiguration;
			buildSettings = {
				ASSETCATALOG_COMPILER_APPICON_NAME = AppIcon;
				ASSETCATALOG_COMPILER_LAUNCHIMAGE_NAME = LaunchImage;
				CODE_SIGN_IDENTITY = "iPhone Developer";
				INFOPLIST_FILE = SwiftRSS/Info.plist;
				LD_RUNPATH_SEARCH_PATHS = "$(inherited) @executable_path/Frameworks";
				PRODUCT_NAME = "$(TARGET_NAME)";
			};
			name = Debug;
		};
		3119D2B7198D61550054E85E /* Release */ = {
			isa = XCBuildConfiguration;
			buildSettings = {
				ASSETCATALOG_COMPILER_APPICON_NAME = AppIcon;
				ASSETCATALOG_COMPILER_LAUNCHIMAGE_NAME = LaunchImage;
				CODE_SIGN_IDENTITY = "iPhone Developer";
				INFOPLIST_FILE = SwiftRSS/Info.plist;
				LD_RUNPATH_SEARCH_PATHS = "$(inherited) @executable_path/Frameworks";
				PRODUCT_NAME = "$(TARGET_NAME)";
			};
			name = Release;
		};
		3119D2B9198D61550054E85E /* Debug */ = {
			isa = XCBuildConfiguration;
			buildSettings = {
				BUNDLE_LOADER = "$(BUILT_PRODUCTS_DIR)/SwiftRSS.app/SwiftRSS";
				FRAMEWORK_SEARCH_PATHS = (
					"$(SDKROOT)/Developer/Library/Frameworks",
					"$(inherited)",
				);
				GCC_PREPROCESSOR_DEFINITIONS = (
					"DEBUG=1",
					"$(inherited)",
				);
				INFOPLIST_FILE = SwiftRSSTests/Info.plist;
				LD_RUNPATH_SEARCH_PATHS = "$(inherited) @executable_path/Frameworks @loader_path/Frameworks";
				PRODUCT_NAME = "$(TARGET_NAME)";
				TEST_HOST = "$(BUNDLE_LOADER)";
			};
			name = Debug;
		};
		3119D2BA198D61550054E85E /* Release */ = {
			isa = XCBuildConfiguration;
			buildSettings = {
				BUNDLE_LOADER = "$(BUILT_PRODUCTS_DIR)/SwiftRSS.app/SwiftRSS";
				FRAMEWORK_SEARCH_PATHS = (
					"$(SDKROOT)/Developer/Library/Frameworks",
					"$(inherited)",
				);
				INFOPLIST_FILE = SwiftRSSTests/Info.plist;
				LD_RUNPATH_SEARCH_PATHS = "$(inherited) @executable_path/Frameworks @loader_path/Frameworks";
				PRODUCT_NAME = "$(TARGET_NAME)";
				TEST_HOST = "$(BUNDLE_LOADER)";
			};
			name = Release;
		};
/* End XCBuildConfiguration section */

/* Begin XCConfigurationList section */
		3119D291198D61550054E85E /* Build configuration list for PBXProject "SwiftRSS" */ = {
			isa = XCConfigurationList;
			buildConfigurations = (
				3119D2B3198D61550054E85E /* Debug */,
				3119D2B4198D61550054E85E /* Release */,
			);
			defaultConfigurationIsVisible = 0;
			defaultConfigurationName = Release;
		};
		3119D2B5198D61550054E85E /* Build configuration list for PBXNativeTarget "SwiftRSS" */ = {
			isa = XCConfigurationList;
			buildConfigurations = (
				3119D2B6198D61550054E85E /* Debug */,
				3119D2B7198D61550054E85E /* Release */,
			);
			defaultConfigurationIsVisible = 0;
			defaultConfigurationName = Release;
		};
		3119D2B8198D61550054E85E /* Build configuration list for PBXNativeTarget "SwiftRSSTests" */ = {
			isa = XCConfigurationList;
			buildConfigurations = (
				3119D2B9198D61550054E85E /* Debug */,
				3119D2BA198D61550054E85E /* Release */,
			);
			defaultConfigurationIsVisible = 0;
			defaultConfigurationName = Release;
		};
/* End XCConfigurationList section */

/* Begin XCVersionGroup section */
		3119D29D198D61550054E85E /* SwiftRSS.xcdatamodeld */ = {
			isa = XCVersionGroup;
			children = (
				3119D29E198D61550054E85E /* SwiftRSS.xcdatamodel */,
			);
			currentVersion = 3119D29E198D61550054E85E /* SwiftRSS.xcdatamodel */;
			path = SwiftRSS.xcdatamodeld;
			sourceTree = "<group>";
			versionGroupType = wrapper.xcdatamodel;
		};
/* End XCVersionGroup section */
	};
	rootObject = 3119D28E198D61550054E85E /* Project object */;
}
